
Microsoft Visual Studio Solution File, Format Version 12.00
Project("{FAE04EC0-301F-11D3-BF4B-00C04F79EFBC}") = "SupFile.Back.Api", "SupFile.Back.Api\SupFile.Back.Api.csproj", "{8E2D1D6C-F994-4F6E-BA7E-F977FF85CF69}"
EndProject
Project("{FAE04EC0-301F-11D3-BF4B-00C04F79EFBC}") = "SupFile.Back.Business", "SupFile.Back.Business\SupFile.Back.Business.csproj", "{6049A841-BEF4-40C0-BE9F-DBBA8095490D}"
EndProject
Project("{FAE04EC0-301F-11D3-BF4B-00C04F79EFBC}") = "SupFile.Back.Core", "SupFile.Back.Core\SupFile.Back.Core.csproj", "{BE62839D-E315-4BF8-B46B-A58085104A56}"
EndProject
Project("{FAE04EC0-301F-11D3-BF4B-00C04F79EFBC}") = "SupFile.Back.Data", "SupFile.Back.Data\SupFile.Back.Data.csproj", "{08D712F5-F9E4-4950-B586-15007FE7E953}"
EndProject
Project("{FAE04EC0-301F-11D3-BF4B-00C04F79EFBC}") = "SupFile.Back.Resources", "SupFile.Back.Resources\SupFile.Back.Resources.csproj", "{F3D18EB5-260A-486B-A7B2-4B4D44D580D4}"
EndProject
Project("{E53339B2-1760-4266-BCC7-CA923CBCF16C}") = "docker-compose", "docker-compose.dcproj", "{666B539D-57AF-4701-AFE1-0C2830143CE0}"
EndProject
Project("{2150E333-8FDC-42A3-9474-1A3956D46DE8}") = "Solution Items", "Solution Items", "{29B04D89-0F99-4ABC-BBEE-A7106B74C254}"
	ProjectSection(SolutionItems) = preProject
		.gitignore = .gitignore
		readme.md = readme.md
		directory.build.props = directory.build.props
		.env = .env
	EndProjectSection
EndProject
Global
	GlobalSection(SolutionConfigurationPlatforms) = preSolution
		Debug|Any CPU = Debug|Any CPU
		Release|Any CPU = Release|Any CPU
	EndGlobalSection
	GlobalSection(ProjectConfigurationPlatforms) = postSolution
		{8E2D1D6C-F994-4F6E-BA7E-F977FF85CF69}.Debug|Any CPU.ActiveCfg = Debug|Any CPU
		{8E2D1D6C-F994-4F6E-BA7E-F977FF85CF69}.Debug|Any CPU.Build.0 = Debug|Any CPU
		{8E2D1D6C-F994-4F6E-BA7E-F977FF85CF69}.Release|Any CPU.ActiveCfg = Release|Any CPU
		{8E2D1D6C-F994-4F6E-BA7E-F977FF85CF69}.Release|Any CPU.Build.0 = Release|Any CPU
		{BE62839D-E315-4BF8-B46B-A58085104A56}.Debug|Any CPU.ActiveCfg = Debug|Any CPU
		{BE62839D-E315-4BF8-B46B-A58085104A56}.Debug|Any CPU.Build.0 = Debug|Any CPU
		{BE62839D-E315-4BF8-B46B-A58085104A56}.Release|Any CPU.ActiveCfg = Release|Any CPU
		{BE62839D-E315-4BF8-B46B-A58085104A56}.Release|Any CPU.Build.0 = Release|Any CPU
		{6049A841-BEF4-40C0-BE9F-DBBA8095490D}.Debug|Any CPU.ActiveCfg = Debug|Any CPU
		{6049A841-BEF4-40C0-BE9F-DBBA8095490D}.Debug|Any CPU.Build.0 = Debug|Any CPU
		{6049A841-BEF4-40C0-BE9F-DBBA8095490D}.Release|Any CPU.ActiveCfg = Release|Any CPU
		{6049A841-BEF4-40C0-BE9F-DBBA8095490D}.Release|Any CPU.Build.0 = Release|Any CPU
		{08D712F5-F9E4-4950-B586-15007FE7E953}.Debug|Any CPU.ActiveCfg = Debug|Any CPU
		{08D712F5-F9E4-4950-B586-15007FE7E953}.Debug|Any CPU.Build.0 = Debug|Any CPU
		{08D712F5-F9E4-4950-B586-15007FE7E953}.Release|Any CPU.ActiveCfg = Release|Any CPU
		{08D712F5-F9E4-4950-B586-15007FE7E953}.Release|Any CPU.Build.0 = Release|Any CPU
		{F3D18EB5-260A-486B-A7B2-4B4D44D580D4}.Debug|Any CPU.ActiveCfg = Debug|Any CPU
		{F3D18EB5-260A-486B-A7B2-4B4D44D580D4}.Debug|Any CPU.Build.0 = Debug|Any CPU
		{F3D18EB5-260A-486B-A7B2-4B4D44D580D4}.Release|Any CPU.ActiveCfg = Release|Any CPU
		{F3D18EB5-260A-486B-A7B2-4B4D44D580D4}.Release|Any CPU.Build.0 = Release|Any CPU
		{C2313711-AF81-4B49-B0BD-0A4FE14C4391}.Debug|Any CPU.ActiveCfg = Debug|Any CPU
		{C2313711-AF81-4B49-B0BD-0A4FE14C4391}.Debug|Any CPU.Build.0 = Debug|Any CPU
		{C2313711-AF81-4B49-B0BD-0A4FE14C4391}.Release|Any CPU.ActiveCfg = Release|Any CPU
		{C2313711-AF81-4B49-B0BD-0A4FE14C4391}.Release|Any CPU.Build.0 = Release|Any CPU
	EndGlobalSection
EndGlobal
